// !$*UTF8*$!
{
	archiveVersion = 1;
	classes = {
	};
	objectVersion = 46;
	objects = {

/* Begin PBXBuildFile section */
		B121591C199A165300714A07 /* Foundation.framework in Frameworks */ = {isa = PBXBuildFile; fileRef = B121591B199A165300714A07 /* Foundation.framework */; };
		B121591E199A165300714A07 /* CoreGraphics.framework in Frameworks */ = {isa = PBXBuildFile; fileRef = B121591D199A165300714A07 /* CoreGraphics.framework */; };
		B1215920199A165300714A07 /* UIKit.framework in Frameworks */ = {isa = PBXBuildFile; fileRef = B121591F199A165300714A07 /* UIKit.framework */; };
		B1215922199A165300714A07 /* CoreData.framework in Frameworks */ = {isa = PBXBuildFile; fileRef = B1215921199A165300714A07 /* CoreData.framework */; };
		B1215928199A165300714A07 /* InfoPlist.strings in Resources */ = {isa = PBXBuildFile; fileRef = B1215926199A165300714A07 /* InfoPlist.strings */; };
		B121592A199A165300714A07 /* main.m in Sources */ = {isa = PBXBuildFile; fileRef = B1215929199A165300714A07 /* main.m */; };
		B121592E199A165300714A07 /* TCGAppDelegate.m in Sources */ = {isa = PBXBuildFile; fileRef = B121592D199A165300714A07 /* TCGAppDelegate.m */; };
		B1215931199A165300714A07 /* TCGCollectionView.xcdatamodeld in Sources */ = {isa = PBXBuildFile; fileRef = B121592F199A165300714A07 /* TCGCollectionView.xcdatamodeld */; };
		B1215933199A165300714A07 /* Images.xcassets in Resources */ = {isa = PBXBuildFile; fileRef = B1215932199A165300714A07 /* Images.xcassets */; };
		B121593A199A165300714A07 /* XCTest.framework in Frameworks */ = {isa = PBXBuildFile; fileRef = B1215939199A165300714A07 /* XCTest.framework */; };
		B121593B199A165300714A07 /* Foundation.framework in Frameworks */ = {isa = PBXBuildFile; fileRef = B121591B199A165300714A07 /* Foundation.framework */; };
		B121593C199A165300714A07 /* UIKit.framework in Frameworks */ = {isa = PBXBuildFile; fileRef = B121591F199A165300714A07 /* UIKit.framework */; };
		B121593D199A165300714A07 /* CoreData.framework in Frameworks */ = {isa = PBXBuildFile; fileRef = B1215921199A165300714A07 /* CoreData.framework */; };
		B1215945199A165300714A07 /* InfoPlist.strings in Resources */ = {isa = PBXBuildFile; fileRef = B1215943199A165300714A07 /* InfoPlist.strings */; };
		B1215947199A165300714A07 /* TCGCollectionViewTests.m in Sources */ = {isa = PBXBuildFile; fileRef = B1215946199A165300714A07 /* TCGCollectionViewTests.m */; };
/* End PBXBuildFile section */

/* Begin PBXContainerItemProxy section */
		B121593E199A165300714A07 /* PBXContainerItemProxy */ = {
			isa = PBXContainerItemProxy;
			containerPortal = B1215910199A165300714A07 /* Project object */;
			proxyType = 1;
			remoteGlobalIDString = B1215917199A165300714A07;
			remoteInfo = TCGCollectionView;
		};
/* End PBXContainerItemProxy section */

/* Begin PBXFileReference section */
		B1215918199A165300714A07 /* TCGCollectionView.app */ = {isa = PBXFileReference; explicitFileType = wrapper.application; includeInIndex = 0; path = TCGCollectionView.app; sourceTree = BUILT_PRODUCTS_DIR; };
		B121591B199A165300714A07 /* Foundation.framework */ = {isa = PBXFileReference; lastKnownFileType = wrapper.framework; name = Foundation.framework; path = System/Library/Frameworks/Foundation.framework; sourceTree = SDKROOT; };
		B121591D199A165300714A07 /* CoreGraphics.framework */ = {isa = PBXFileReference; lastKnownFileType = wrapper.framework; name = CoreGraphics.framework; path = System/Library/Frameworks/CoreGraphics.framework; sourceTree = SDKROOT; };
		B121591F199A165300714A07 /* UIKit.framework */ = {isa = PBXFileReference; lastKnownFileType = wrapper.framework; name = UIKit.framework; path = System/Library/Frameworks/UIKit.framework; sourceTree = SDKROOT; };
		B1215921199A165300714A07 /* CoreData.framework */ = {isa = PBXFileReference; lastKnownFileType = wrapper.framework; name = CoreData.framework; path = System/Library/Frameworks/CoreData.framework; sourceTree = SDKROOT; };
		B1215925199A165300714A07 /* TCGCollectionView-Info.plist */ = {isa = PBXFileReference; lastKnownFileType = text.plist.xml; path = "TCGCollectionView-Info.plist"; sourceTree = "<group>"; };
		B1215927199A165300714A07 /* en */ = {isa = PBXFileReference; lastKnownFileType = text.plist.strings; name = en; path = en.lproj/InfoPlist.strings; sourceTree = "<group>"; };
		B1215929199A165300714A07 /* main.m */ = {isa = PBXFileReference; lastKnownFileType = sourcecode.c.objc; path = main.m; sourceTree = "<group>"; };
		B121592B199A165300714A07 /* TCGCollectionView-Prefix.pch */ = {isa = PBXFileReference; lastKnownFileType = sourcecode.c.h; path = "TCGCollectionView-Prefix.pch"; sourceTree = "<group>"; };
		B121592C199A165300714A07 /* TCGAppDelegate.h */ = {isa = PBXFileReference; lastKnownFileType = sourcecode.c.h; path = TCGAppDelegate.h; sourceTree = "<group>"; };
		B121592D199A165300714A07 /* TCGAppDelegate.m */ = {isa = PBXFileReference; lastKnownFileType = sourcecode.c.objc; path = TCGAppDelegate.m; sourceTree = "<group>"; };
		B1215930199A165300714A07 /* TCGCollectionView.xcdatamodel */ = {isa = PBXFileReference; lastKnownFileType = wrapper.xcdatamodel; path = TCGCollectionView.xcdatamodel; sourceTree = "<group>"; };
		B1215932199A165300714A07 /* Images.xcassets */ = {isa = PBXFileReference; lastKnownFileType = folder.assetcatalog; path = Images.xcassets; sourceTree = "<group>"; };
		B1215938199A165300714A07 /* TCGCollectionViewTests.xctest */ = {isa = PBXFileReference; explicitFileType = wrapper.cfbundle; includeInIndex = 0; path = TCGCollectionViewTests.xctest; sourceTree = BUILT_PRODUCTS_DIR; };
		B1215939199A165300714A07 /* XCTest.framework */ = {isa = PBXFileReference; lastKnownFileType = wrapper.framework; name = XCTest.framework; path = Library/Frameworks/XCTest.framework; sourceTree = DEVELOPER_DIR; };
		B1215942199A165300714A07 /* TCGCollectionViewTests-Info.plist */ = {isa = PBXFileReference; lastKnownFileType = text.plist.xml; path = "TCGCollectionViewTests-Info.plist"; sourceTree = "<group>"; };
		B1215944199A165300714A07 /* en */ = {isa = PBXFileReference; lastKnownFileType = text.plist.strings; name = en; path = en.lproj/InfoPlist.strings; sourceTree = "<group>"; };
		B1215946199A165300714A07 /* TCGCollectionViewTests.m */ = {isa = PBXFileReference; lastKnownFileType = sourcecode.c.objc; path = TCGCollectionViewTests.m; sourceTree = "<group>"; };
/* End PBXFileReference section */

/* Begin PBXFrameworksBuildPhase section */
		B1215915199A165300714A07 /* Frameworks */ = {
			isa = PBXFrameworksBuildPhase;
			buildActionMask = 2147483647;
			files = (
				B121591E199A165300714A07 /* CoreGraphics.framework in Frameworks */,
				B1215922199A165300714A07 /* CoreData.framework in Frameworks */,
				B1215920199A165300714A07 /* UIKit.framework in Frameworks */,
				B121591C199A165300714A07 /* Foundation.framework in Frameworks */,
			);
			runOnlyForDeploymentPostprocessing = 0;
		};
		B1215935199A165300714A07 /* Frameworks */ = {
			isa = PBXFrameworksBuildPhase;
			buildActionMask = 2147483647;
			files = (
				B121593A199A165300714A07 /* XCTest.framework in Frameworks */,
				B121593D199A165300714A07 /* CoreData.framework in Frameworks */,
				B121593C199A165300714A07 /* UIKit.framework in Frameworks */,
				B121593B199A165300714A07 /* Foundation.framework in Frameworks */,
			);
			runOnlyForDeploymentPostprocessing = 0;
		};
/* End PBXFrameworksBuildPhase section */

/* Begin PBXGroup section */
		B121590F199A165300714A07 = {
			isa = PBXGroup;
			children = (
				B1215923199A165300714A07 /* TCGCollectionView */,
				B1215940199A165300714A07 /* TCGCollectionViewTests */,
				B121591A199A165300714A07 /* Frameworks */,
				B1215919199A165300714A07 /* Products */,
			);
			sourceTree = "<group>";
		};
		B1215919199A165300714A07 /* Products */ = {
			isa = PBXGroup;
			children = (
				B1215918199A165300714A07 /* TCGCollectionView.app */,
				B1215938199A165300714A07 /* TCGCollectionViewTests.xctest */,
			);
			name = Products;
			sourceTree = "<group>";
		};
		B121591A199A165300714A07 /* Frameworks */ = {
			isa = PBXGroup;
			children = (
				B121591B199A165300714A07 /* Foundation.framework */,
				B121591D199A165300714A07 /* CoreGraphics.framework */,
				B121591F199A165300714A07 /* UIKit.framework */,
				B1215921199A165300714A07 /* CoreData.framework */,
				B1215939199A165300714A07 /* XCTest.framework */,
			);
			name = Frameworks;
			sourceTree = "<group>";
		};
		B1215923199A165300714A07 /* TCGCollectionView */ = {
			isa = PBXGroup;
			children = (
				B121592C199A165300714A07 /* TCGAppDelegate.h */,
				B121592D199A165300714A07 /* TCGAppDelegate.m */,
				B1215932199A165300714A07 /* Images.xcassets */,
				B121592F199A165300714A07 /* TCGCollectionView.xcdatamodeld */,
				B1215924199A165300714A07 /* Supporting Files */,
			);
			path = TCGCollectionView;
			sourceTree = "<group>";
		};
		B1215924199A165300714A07 /* Supporting Files */ = {
			isa = PBXGroup;
			children = (
				B1215925199A165300714A07 /* TCGCollectionView-Info.plist */,
				B1215926199A165300714A07 /* InfoPlist.strings */,
				B1215929199A165300714A07 /* main.m */,
				B121592B199A165300714A07 /* TCGCollectionView-Prefix.pch */,
			);
			name = "Supporting Files";
			sourceTree = "<group>";
		};
		B1215940199A165300714A07 /* TCGCollectionViewTests */ = {
			isa = PBXGroup;
			children = (
				B1215946199A165300714A07 /* TCGCollectionViewTests.m */,
				B1215941199A165300714A07 /* Supporting Files */,
			);
			path = TCGCollectionViewTests;
			sourceTree = "<group>";
		};
		B1215941199A165300714A07 /* Supporting Files */ = {
			isa = PBXGroup;
			children = (
				B1215942199A165300714A07 /* TCGCollectionViewTests-Info.plist */,
				B1215943199A165300714A07 /* InfoPlist.strings */,
			);
			name = "Supporting Files";
			sourceTree = "<group>";
		};
/* End PBXGroup section */

/* Begin PBXNativeTarget section */
		B1215917199A165300714A07 /* TCGCollectionView */ = {
			isa = PBXNativeTarget;
			buildConfigurationList = B121594A199A165300714A07 /* Build configuration list for PBXNativeTarget "TCGCollectionView" */;
			buildPhases = (
				B1215914199A165300714A07 /* Sources */,
				B1215915199A165300714A07 /* Frameworks */,
				B1215916199A165300714A07 /* Resources */,
			);
			buildRules = (
			);
			dependencies = (
			);
			name = TCGCollectionView;
			productName = TCGCollectionView;
			productReference = B1215918199A165300714A07 /* TCGCollectionView.app */;
			productType = "com.apple.product-type.application";
		};
		B1215937199A165300714A07 /* TCGCollectionViewTests */ = {
			isa = PBXNativeTarget;
			buildConfigurationList = B121594D199A165300714A07 /* Build configuration list for PBXNativeTarget "TCGCollectionViewTests" */;
			buildPhases = (
				B1215934199A165300714A07 /* Sources */,
				B1215935199A165300714A07 /* Frameworks */,
				B1215936199A165300714A07 /* Resources */,
			);
			buildRules = (
			);
			dependencies = (
				B121593F199A165300714A07 /* PBXTargetDependency */,
			);
			name = TCGCollectionViewTests;
			productName = TCGCollectionViewTests;
			productReference = B1215938199A165300714A07 /* TCGCollectionViewTests.xctest */;
			productType = "com.apple.product-type.bundle.unit-test";
		};
/* End PBXNativeTarget section */

/* Begin PBXProject section */
		B1215910199A165300714A07 /* Project object */ = {
			isa = PBXProject;
			attributes = {
				CLASSPREFIX = TCG;
				LastUpgradeCheck = 0510;
				ORGANIZATIONNAME = netadp;
				TargetAttributes = {
					B1215937199A165300714A07 = {
						TestTargetID = B1215917199A165300714A07;
					};
				};
			};
			buildConfigurationList = B1215913199A165300714A07 /* Build configuration list for PBXProject "TCGCollectionView" */;
			compatibilityVersion = "Xcode 3.2";
			developmentRegion = English;
			hasScannedForEncodings = 0;
			knownRegions = (
				en,
			);
			mainGroup = B121590F199A165300714A07;
			productRefGroup = B1215919199A165300714A07 /* Products */;
			projectDirPath = "";
			projectRoot = "";
			targets = (
				B1215917199A165300714A07 /* TCGCollectionView */,
				B1215937199A165300714A07 /* TCGCollectionViewTests */,
			);
		};
/* End PBXProject section */

/* Begin PBXResourcesBuildPhase section */
		B1215916199A165300714A07 /* Resources */ = {
			isa = PBXResourcesBuildPhase;
			buildActionMask = 2147483647;
			files = (
				B1215928199A165300714A07 /* InfoPlist.strings in Resources */,
				B1215933199A165300714A07 /* Images.xcassets in Resources */,
			);
			runOnlyForDeploymentPostprocessing = 0;
		};
		B1215936199A165300714A07 /* Resources */ = {
			isa = PBXResourcesBuildPhase;
			buildActionMask = 2147483647;
			files = (
				B1215945199A165300714A07 /* InfoPlist.strings in Resources */,
			);
			runOnlyForDeploymentPostprocessing = 0;
		};
/* End PBXResourcesBuildPhase section */

/* Begin PBXSourcesBuildPhase section */
		B1215914199A165300714A07 /* Sources */ = {
			isa = PBXSourcesBuildPhase;
			buildActionMask = 2147483647;
			files = (
				B1215931199A165300714A07 /* TCGCollectionView.xcdatamodeld in Sources */,
				B121592A199A165300714A07 /* main.m in Sources */,
				B121592E199A165300714A07 /* TCGAppDelegate.m in Sources */,
			);
			runOnlyForDeploymentPostprocessing = 0;
		};
		B1215934199A165300714A07 /* Sources */ = {
			isa = PBXSourcesBuildPhase;
			buildActionMask = 2147483647;
			files = (
				B1215947199A165300714A07 /* TCGCollectionViewTests.m in Sources */,
			);
			runOnlyForDeploymentPostprocessing = 0;
		};
/* End PBXSourcesBuildPhase section */

/* Begin PBXTargetDependency section */
		B121593F199A165300714A07 /* PBXTargetDependency */ = {
			isa = PBXTargetDependency;
			target = B1215917199A165300714A07 /* TCGCollectionView */;
			targetProxy = B121593E199A165300714A07 /* PBXContainerItemProxy */;
		};
/* End PBXTargetDependency section */

/* Begin PBXVariantGroup section */
		B1215926199A165300714A07 /* InfoPlist.strings */ = {
			isa = PBXVariantGroup;
			children = (
				B1215927199A165300714A07 /* en */,
			);
			name = InfoPlist.strings;
			sourceTree = "<group>";
		};
		B1215943199A165300714A07 /* InfoPlist.strings */ = {
			isa = PBXVariantGroup;
			children = (
				B1215944199A165300714A07 /* en */,
			);
			name = InfoPlist.strings;
			sourceTree = "<group>";
		};
/* End PBXVariantGroup section */

/* Begin XCBuildConfiguration section */
		B1215948199A165300714A07 /* Debug */ = {
			isa = XCBuildConfiguration;
			buildSettings = {
				ALWAYS_SEARCH_USER_PATHS = NO;
				CLANG_CXX_LANGUAGE_STANDARD = "gnu++0x";
				CLANG_CXX_LIBRARY = "libc++";
				CLANG_ENABLE_MODULES = YES;
				CLANG_ENABLE_OBJC_ARC = YES;
				CLANG_WARN_BOOL_CONVERSION = YES;
				CLANG_WARN_CONSTANT_CONVERSION = YES;
				CLANG_WARN_DIRECT_OBJC_ISA_USAGE = YES_ERROR;
				CLANG_WARN_EMPTY_BODY = YES;
				CLANG_WARN_ENUM_CONVERSION = YES;
				CLANG_WARN_INT_CONVERSION = YES;
				CLANG_WARN_OBJC_ROOT_CLASS = YES_ERROR;
				CLANG_WARN__DUPLICATE_METHOD_MATCH = YES;
				"CODE_SIGN_IDENTITY[sdk=iphoneos*]" = "iPhone Developer";
				COPY_PHASE_STRIP = NO;
				GCC_C_LANGUAGE_STANDARD = gnu99;
				GCC_DYNAMIC_NO_PIC = NO;
				GCC_OPTIMIZATION_LEVEL = 0;
				GCC_PREPROCESSOR_DEFINITIONS = (
					"DEBUG=1",
					"$(inherited)",
				);
				GCC_SYMBOLS_PRIVATE_EXTERN = NO;
				GCC_WARN_64_TO_32_BIT_CONVERSION = YES;
				GCC_WARN_ABOUT_RETURN_TYPE = YES_ERROR;
				GCC_WARN_UNDECLARED_SELECTOR = YES;
				GCC_WARN_UNINITIALIZED_AUTOS = YES_AGGRESSIVE;
				GCC_WARN_UNUSED_FUNCTION = YES;
				GCC_WARN_UNUSED_VARIABLE = YES;
				IPHONEOS_DEPLOYMENT_TARGET = 7.1;
				ONLY_ACTIVE_ARCH = YES;
				SDKROOT = iphoneos;
				TARGETED_DEVICE_FAMILY = "1,2";
			};
			name = Debug;
		};
		B1215949199A165300714A07 /* Release */ = {
			isa = XCBuildConfiguration;
			buildSettings = {
				ALWAYS_SEARCH_USER_PATHS = NO;
				CLANG_CXX_LANGUAGE_STANDARD = "gnu++0x";
				CLANG_CXX_LIBRARY = "libc++";
				CLANG_ENABLE_MODULES = YES;
				CLANG_ENABLE_OBJC_ARC = YES;
				CLANG_WARN_BOOL_CONVERSION = YES;
				CLANG_WARN_CONSTANT_CONVERSION = YES;
				CLANG_WARN_DIRECT_OBJC_ISA_USAGE = YES_ERROR;
				CLANG_WARN_EMPTY_BODY = YES;
				CLANG_WARN_ENUM_CONVERSION = YES;
				CLANG_WARN_INT_CONVERSION = YES;
				CLANG_WARN_OBJC_ROOT_CLASS = YES_ERROR;
				CLANG_WARN__DUPLICATE_METHOD_MATCH = YES;
				"CODE_SIGN_IDENTITY[sdk=iphoneos*]" = "iPhone Developer";
				COPY_PHASE_STRIP = YES;
				ENABLE_NS_ASSERTIONS = NO;
				GCC_C_LANGUAGE_STANDARD = gnu99;
				GCC_WARN_64_TO_32_BIT_CONVERSION = YES;
				GCC_WARN_ABOUT_RETURN_TYPE = YES_ERROR;
				GCC_WARN_UNDECLARED_SELECTOR = YES;
				GCC_WARN_UNINITIALIZED_AUTOS = YES_AGGRESSIVE;
				GCC_WARN_UNUSED_FUNCTION = YES;
				GCC_WARN_UNUSED_VARIABLE = YES;
				IPHONEOS_DEPLOYMENT_TARGET = 7.1;
				SDKROOT = iphoneos;
				TARGETED_DEVICE_FAMILY = "1,2";
				VALIDATE_PRODUCT = YES;
			};
			name = Release;
		};
		B121594B199A165300714A07 /* Debug */ = {
			isa = XCBuildConfiguration;
			buildSettings = {
				ASSETCATALOG_COMPILER_APPICON_NAME = AppIcon;
				ASSETCATALOG_COMPILER_LAUNCHIMAGE_NAME = LaunchImage;
				GCC_PRECOMPILE_PREFIX_HEADER = YES;
				GCC_PREFIX_HEADER = "TCGCollectionView/TCGCollectionView-Prefix.pch";
				INFOPLIST_FILE = "TCGCollectionView/TCGCollectionView-Info.plist";
				PRODUCT_NAME = "$(TARGET_NAME)";
				WRAPPER_EXTENSION = app;
			};
			name = Debug;
		};
		B121594C199A165300714A07 /* Release */ = {
			isa = XCBuildConfiguration;
			buildSettings = {
				ASSETCATALOG_COMPILER_APPICON_NAME = AppIcon;
				ASSETCATALOG_COMPILER_LAUNCHIMAGE_NAME = LaunchImage;
				GCC_PRECOMPILE_PREFIX_HEADER = YES;
				GCC_PREFIX_HEADER = "TCGCollectionView/TCGCollectionView-Prefix.pch";
				INFOPLIST_FILE = "TCGCollectionView/TCGCollectionView-Info.plist";
				PRODUCT_NAME = "$(TARGET_NAME)";
				WRAPPER_EXTENSION = app;
			};
			name = Release;
		};
		B121594E199A165300714A07 /* Debug */ = {
			isa = XCBuildConfiguration;
			buildSettings = {
				BUNDLE_LOADER = "$(BUILT_PRODUCTS_DIR)/TCGCollectionView.app/TCGCollectionView";
				FRAMEWORK_SEARCH_PATHS = (
					"$(SDKROOT)/Developer/Library/Frameworks",
					"$(inherited)",
					"$(DEVELOPER_FRAMEWORKS_DIR)",
				);
				GCC_PRECOMPILE_PREFIX_HEADER = YES;
				GCC_PREFIX_HEADER = "TCGCollectionView/TCGCollectionView-Prefix.pch";
				GCC_PREPROCESSOR_DEFINITIONS = (
					"DEBUG=1",
					"$(inherited)",
				);
				INFOPLIST_FILE = "TCGCollectionViewTests/TCGCollectionViewTests-Info.plist";
				PRODUCT_NAME = "$(TARGET_NAME)";
				TEST_HOST = "$(BUNDLE_LOADER)";
				WRAPPER_EXTENSION = xctest;
			};
			name = Debug;
		};
		B121594F199A165300714A07 /* Release */ = {
			isa = XCBuildConfiguration;
			buildSettings = {
				BUNDLE_LOADER = "$(BUILT_PRODUCTS_DIR)/TCGCollectionView.app/TCGCollectionView";
				FRAMEWORK_SEARCH_PATHS = (
					"$(SDKROOT)/Developer/Library/Frameworks",
					"$(inherited)",
					"$(DEVELOPER_FRAMEWORKS_DIR)",
				);
				GCC_PRECOMPILE_PREFIX_HEADER = YES;
				GCC_PREFIX_HEADER = "TCGCollectionView/TCGCollectionView-Prefix.pch";
				INFOPLIST_FILE = "TCGCollectionViewTests/TCGCollectionViewTests-Info.plist";
				PRODUCT_NAME = "$(TARGET_NAME)";
				TEST_HOST = "$(BUNDLE_LOADER)";
				WRAPPER_EXTENSION = xctest;
			};
			name = Release;
		};
/* End XCBuildConfiguration section */

/* Begin XCConfigurationList section */
		B1215913199A165300714A07 /* Build configuration list for PBXProject "TCGCollectionView" */ = {
			isa = XCConfigurationList;
			buildConfigurations = (
				B1215948199A165300714A07 /* Debug */,
				B1215949199A165300714A07 /* Release */,
			);
			defaultConfigurationIsVisible = 0;
			defaultConfigurationName = Release;
		};
		B121594A199A165300714A07 /* Build configuration list for PBXNativeTarget "TCGCollectionView" */ = {
			isa = XCConfigurationList;
			buildConfigurations = (
				B121594B199A165300714A07 /* Debug */,
				B121594C199A165300714A07 /* Release */,
			);
			defaultConfigurationIsVisible = 0;
		};
		B121594D199A165300714A07 /* Build configuration list for PBXNativeTarget "TCGCollectionViewTests" */ = {
			isa = XCConfigurationList;
			buildConfigurations = (
				B121594E199A165300714A07 /* Debug */,
				B121594F199A165300714A07 /* Release */,
			);
			defaultConfigurationIsVisible = 0;
		};
/* End XCConfigurationList section */

/* Begin XCVersionGroup section */
		B121592F199A165300714A07 /* TCGCollectionView.xcdatamodeld */ = {
			isa = XCVersionGroup;
			children = (
				B1215930199A165300714A07 /* TCGCollectionView.xcdatamodel */,
			);
			currentVersion = B1215930199A165300714A07 /* TCGCollectionView.xcdatamodel */;
			path = TCGCollectionView.xcdatamodeld;
			sourceTree = "<group>";
			versionGroupType = wrapper.xcdatamodel;
		};
/* End XCVersionGroup section */
	};
	rootObject = B1215910199A165300714A07 /* Project object */;
}
